// !$*UTF8*$!
{
	archiveVersion = 1;
	classes = {
	};
	objectVersion = 55;
	objects = {

/* Begin PBXBuildFile section */
		132CDC2427ADAD87003BBE27 /* AppDelegate.swift in Sources */ = {isa = PBXBuildFile; fileRef = 132CDC2327ADAD87003BBE27 /* AppDelegate.swift */; };
		132CDC2627ADAD87003BBE27 /* SceneDelegate.swift in Sources */ = {isa = PBXBuildFile; fileRef = 132CDC2527ADAD87003BBE27 /* SceneDelegate.swift */; };
		132CDC2827ADAD87003BBE27 /* ViewController.swift in Sources */ = {isa = PBXBuildFile; fileRef = 132CDC2727ADAD87003BBE27 /* ViewController.swift */; };
		132CDC2B27ADAD87003BBE27 /* Main.storyboard in Resources */ = {isa = PBXBuildFile; fileRef = 132CDC2927ADAD87003BBE27 /* Main.storyboard */; };
		132CDC2D27ADAD89003BBE27 /* Assets.xcassets in Resources */ = {isa = PBXBuildFile; fileRef = 132CDC2C27ADAD89003BBE27 /* Assets.xcassets */; };
		132CDC3027ADAD89003BBE27 /* LaunchScreen.storyboard in Resources */ = {isa = PBXBuildFile; fileRef = 132CDC2E27ADAD89003BBE27 /* LaunchScreen.storyboard */; };
		132CDC3B27ADAD89003BBE27 /* TipCalc___PreworkTests.swift in Sources */ = {isa = PBXBuildFile; fileRef = 132CDC3A27ADAD89003BBE27 /* TipCalc___PreworkTests.swift */; };
		132CDC4527ADAD89003BBE27 /* TipCalc___PreworkUITests.swift in Sources */ = {isa = PBXBuildFile; fileRef = 132CDC4427ADAD89003BBE27 /* TipCalc___PreworkUITests.swift */; };
		132CDC4727ADAD89003BBE27 /* TipCalc___PreworkUITestsLaunchTests.swift in Sources */ = {isa = PBXBuildFile; fileRef = 132CDC4627ADAD89003BBE27 /* TipCalc___PreworkUITestsLaunchTests.swift */; };
/* End PBXBuildFile section */

/* Begin PBXContainerItemProxy section */
		132CDC3727ADAD89003BBE27 /* PBXContainerItemProxy */ = {
			isa = PBXContainerItemProxy;
			containerPortal = 132CDC1827ADAD87003BBE27 /* Project object */;
			proxyType = 1;
			remoteGlobalIDString = 132CDC1F27ADAD87003BBE27;
			remoteInfo = "TipCalc - Prework";
		};
		132CDC4127ADAD89003BBE27 /* PBXContainerItemProxy */ = {
			isa = PBXContainerItemProxy;
			containerPortal = 132CDC1827ADAD87003BBE27 /* Project object */;
			proxyType = 1;
			remoteGlobalIDString = 132CDC1F27ADAD87003BBE27;
			remoteInfo = "TipCalc - Prework";
		};
/* End PBXContainerItemProxy section */

/* Begin PBXFileReference section */
		132CDC2027ADAD87003BBE27 /* TipCalc - Prework.app */ = {isa = PBXFileReference; explicitFileType = wrapper.application; includeInIndex = 0; path = "TipCalc - Prework.app"; sourceTree = BUILT_PRODUCTS_DIR; };
		132CDC2327ADAD87003BBE27 /* AppDelegate.swift */ = {isa = PBXFileReference; lastKnownFileType = sourcecode.swift; path = AppDelegate.swift; sourceTree = "<group>"; };
		132CDC2527ADAD87003BBE27 /* SceneDelegate.swift */ = {isa = PBXFileReference; lastKnownFileType = sourcecode.swift; path = SceneDelegate.swift; sourceTree = "<group>"; };
		132CDC2727ADAD87003BBE27 /* ViewController.swift */ = {isa = PBXFileReference; lastKnownFileType = sourcecode.swift; path = ViewController.swift; sourceTree = "<group>"; };
		132CDC2A27ADAD87003BBE27 /* Base */ = {isa = PBXFileReference; lastKnownFileType = file.storyboard; name = Base; path = Base.lproj/Main.storyboard; sourceTree = "<group>"; };
		132CDC2C27ADAD89003BBE27 /* Assets.xcassets */ = {isa = PBXFileReference; lastKnownFileType = folder.assetcatalog; path = Assets.xcassets; sourceTree = "<group>"; };
		132CDC2F27ADAD89003BBE27 /* Base */ = {isa = PBXFileReference; lastKnownFileType = file.storyboard; name = Base; path = Base.lproj/LaunchScreen.storyboard; sourceTree = "<group>"; };
		132CDC3127ADAD89003BBE27 /* Info.plist */ = {isa = PBXFileReference; lastKnownFileType = text.plist.xml; path = Info.plist; sourceTree = "<group>"; };
		132CDC3627ADAD89003BBE27 /* TipCalc - PreworkTests.xctest */ = {isa = PBXFileReference; explicitFileType = wrapper.cfbundle; includeInIndex = 0; path = "TipCalc - PreworkTests.xctest"; sourceTree = BUILT_PRODUCTS_DIR; };
		132CDC3A27ADAD89003BBE27 /* TipCalc___PreworkTests.swift */ = {isa = PBXFileReference; lastKnownFileType = sourcecode.swift; path = "TipCalc___PreworkTests.swift"; sourceTree = "<group>"; };
		132CDC4027ADAD89003BBE27 /* TipCalc - PreworkUITests.xctest */ = {isa = PBXFileReference; explicitFileType = wrapper.cfbundle; includeInIndex = 0; path = "TipCalc - PreworkUITests.xctest"; sourceTree = BUILT_PRODUCTS_DIR; };
		132CDC4427ADAD89003BBE27 /* TipCalc___PreworkUITests.swift */ = {isa = PBXFileReference; lastKnownFileType = sourcecode.swift; path = "TipCalc___PreworkUITests.swift"; sourceTree = "<group>"; };
		132CDC4627ADAD89003BBE27 /* TipCalc___PreworkUITestsLaunchTests.swift */ = {isa = PBXFileReference; lastKnownFileType = sourcecode.swift; path = "TipCalc___PreworkUITestsLaunchTests.swift"; sourceTree = "<group>"; };
/* End PBXFileReference section */

/* Begin PBXFrameworksBuildPhase section */
		132CDC1D27ADAD87003BBE27 /* Frameworks */ = {
			isa = PBXFrameworksBuildPhase;
			buildActionMask = 2147483647;
			files = (
			);
			runOnlyForDeploymentPostprocessing = 0;
		};
		132CDC3327ADAD89003BBE27 /* Frameworks */ = {
			isa = PBXFrameworksBuildPhase;
			buildActionMask = 2147483647;
			files = (
			);
			runOnlyForDeploymentPostprocessing = 0;
		};
		132CDC3D27ADAD89003BBE27 /* Frameworks */ = {
			isa = PBXFrameworksBuildPhase;
			buildActionMask = 2147483647;
			files = (
			);
			runOnlyForDeploymentPostprocessing = 0;
		};
/* End PBXFrameworksBuildPhase section */

/* Begin PBXGroup section */
		132CDC1727ADAD87003BBE27 = {
			isa = PBXGroup;
			children = (
				132CDC2227ADAD87003BBE27 /* TipCalc - Prework */,
				132CDC3927ADAD89003BBE27 /* TipCalc - PreworkTests */,
				132CDC4327ADAD89003BBE27 /* TipCalc - PreworkUITests */,
				132CDC2127ADAD87003BBE27 /* Products */,
			);
			sourceTree = "<group>";
		};
		132CDC2127ADAD87003BBE27 /* Products */ = {
			isa = PBXGroup;
			children = (
				132CDC2027ADAD87003BBE27 /* TipCalc - Prework.app */,
				132CDC3627ADAD89003BBE27 /* TipCalc - PreworkTests.xctest */,
				132CDC4027ADAD89003BBE27 /* TipCalc - PreworkUITests.xctest */,
			);
			name = Products;
			sourceTree = "<group>";
		};
		132CDC2227ADAD87003BBE27 /* TipCalc - Prework */ = {
			isa = PBXGroup;
			children = (
				132CDC2327ADAD87003BBE27 /* AppDelegate.swift */,
				132CDC2527ADAD87003BBE27 /* SceneDelegate.swift */,
				132CDC2727ADAD87003BBE27 /* ViewController.swift */,
				132CDC2927ADAD87003BBE27 /* Main.storyboard */,
				132CDC2C27ADAD89003BBE27 /* Assets.xcassets */,
				132CDC2E27ADAD89003BBE27 /* LaunchScreen.storyboard */,
				132CDC3127ADAD89003BBE27 /* Info.plist */,
			);
			path = "TipCalc - Prework";
			sourceTree = "<group>";
		};
		132CDC3927ADAD89003BBE27 /* TipCalc - PreworkTests */ = {
			isa = PBXGroup;
			children = (
				132CDC3A27ADAD89003BBE27 /* TipCalc___PreworkTests.swift */,
			);
			path = "TipCalc - PreworkTests";
			sourceTree = "<group>";
		};
		132CDC4327ADAD89003BBE27 /* TipCalc - PreworkUITests */ = {
			isa = PBXGroup;
			children = (
				132CDC4427ADAD89003BBE27 /* TipCalc___PreworkUITests.swift */,
				132CDC4627ADAD89003BBE27 /* TipCalc___PreworkUITestsLaunchTests.swift */,
			);
			path = "TipCalc - PreworkUITests";
			sourceTree = "<group>";
		};
/* End PBXGroup section */

/* Begin PBXNativeTarget section */
		132CDC1F27ADAD87003BBE27 /* TipCalc - Prework */ = {
			isa = PBXNativeTarget;
			buildConfigurationList = 132CDC4A27ADAD89003BBE27 /* Build configuration list for PBXNativeTarget "TipCalc - Prework" */;
			buildPhases = (
				132CDC1C27ADAD87003BBE27 /* Sources */,
				132CDC1D27ADAD87003BBE27 /* Frameworks */,
				132CDC1E27ADAD87003BBE27 /* Resources */,
			);
			buildRules = (
			);
			dependencies = (
			);
			name = "TipCalc - Prework";
			productName = "TipCalc - Prework";
			productReference = 132CDC2027ADAD87003BBE27 /* TipCalc - Prework.app */;
			productType = "com.apple.product-type.application";
		};
		132CDC3527ADAD89003BBE27 /* TipCalc - PreworkTests */ = {
			isa = PBXNativeTarget;
			buildConfigurationList = 132CDC4D27ADAD89003BBE27 /* Build configuration list for PBXNativeTarget "TipCalc - PreworkTests" */;
			buildPhases = (
				132CDC3227ADAD89003BBE27 /* Sources */,
				132CDC3327ADAD89003BBE27 /* Frameworks */,
				132CDC3427ADAD89003BBE27 /* Resources */,
			);
			buildRules = (
			);
			dependencies = (
				132CDC3827ADAD89003BBE27 /* PBXTargetDependency */,
			);
			name = "TipCalc - PreworkTests";
			productName = "TipCalc - PreworkTests";
			productReference = 132CDC3627ADAD89003BBE27 /* TipCalc - PreworkTests.xctest */;
			productType = "com.apple.product-type.bundle.unit-test";
		};
		132CDC3F27ADAD89003BBE27 /* TipCalc - PreworkUITests */ = {
			isa = PBXNativeTarget;
			buildConfigurationList = 132CDC5027ADAD89003BBE27 /* Build configuration list for PBXNativeTarget "TipCalc - PreworkUITests" */;
			buildPhases = (
				132CDC3C27ADAD89003BBE27 /* Sources */,
				132CDC3D27ADAD89003BBE27 /* Frameworks */,
				132CDC3E27ADAD89003BBE27 /* Resources */,
			);
			buildRules = (
			);
			dependencies = (
				132CDC4227ADAD89003BBE27 /* PBXTargetDependency */,
			);
			name = "TipCalc - PreworkUITests";
			productName = "TipCalc - PreworkUITests";
			productReference = 132CDC4027ADAD89003BBE27 /* TipCalc - PreworkUITests.xctest */;
			productType = "com.apple.product-type.bundle.ui-testing";
		};
/* End PBXNativeTarget section */

/* Begin PBXProject section */
		132CDC1827ADAD87003BBE27 /* Project object */ = {
			isa = PBXProject;
			attributes = {
				BuildIndependentTargetsInParallel = 1;
				LastSwiftUpdateCheck = 1320;
				LastUpgradeCheck = 1320;
				TargetAttributes = {
					132CDC1F27ADAD87003BBE27 = {
						CreatedOnToolsVersion = 13.2.1;
					};
					132CDC3527ADAD89003BBE27 = {
						CreatedOnToolsVersion = 13.2.1;
						TestTargetID = 132CDC1F27ADAD87003BBE27;
					};
					132CDC3F27ADAD89003BBE27 = {
						CreatedOnToolsVersion = 13.2.1;
						TestTargetID = 132CDC1F27ADAD87003BBE27;
					};
				};
			};
			buildConfigurationList = 132CDC1B27ADAD87003BBE27 /* Build configuration list for PBXProject "TipCalc - Prework" */;
			compatibilityVersion = "Xcode 13.0";
			developmentRegion = en;
			hasScannedForEncodings = 0;
			knownRegions = (
				en,
				Base,
			);
			mainGroup = 132CDC1727ADAD87003BBE27;
			productRefGroup = 132CDC2127ADAD87003BBE27 /* Products */;
			projectDirPath = "";
			projectRoot = "";
			targets = (
				132CDC1F27ADAD87003BBE27 /* TipCalc - Prework */,
				132CDC3527ADAD89003BBE27 /* TipCalc - PreworkTests */,
				132CDC3F27ADAD89003BBE27 /* TipCalc - PreworkUITests */,
			);
		};
/* End PBXProject section */

/* Begin PBXResourcesBuildPhase section */
		132CDC1E27ADAD87003BBE27 /* Resources */ = {
			isa = PBXResourcesBuildPhase;
			buildActionMask = 2147483647;
			files = (
				132CDC3027ADAD89003BBE27 /* LaunchScreen.storyboard in Resources */,
				132CDC2D27ADAD89003BBE27 /* Assets.xcassets in Resources */,
				132CDC2B27ADAD87003BBE27 /* Main.storyboard in Resources */,
			);
			runOnlyForDeploymentPostprocessing = 0;
		};
		132CDC3427ADAD89003BBE27 /* Resources */ = {
			isa = PBXResourcesBuildPhase;
			buildActionMask = 2147483647;
			files = (
			);
			runOnlyForDeploymentPostprocessing = 0;
		};
		132CDC3E27ADAD89003BBE27 /* Resources */ = {
			isa = PBXResourcesBuildPhase;
			buildActionMask = 2147483647;
			files = (
			);
			runOnlyForDeploymentPostprocessing = 0;
		};
/* End PBXResourcesBuildPhase section */

/* Begin PBXSourcesBuildPhase section */
		132CDC1C27ADAD87003BBE27 /* Sources */ = {
			isa = PBXSourcesBuildPhase;
			buildActionMask = 2147483647;
			files = (
				132CDC2827ADAD87003BBE27 /* ViewController.swift in Sources */,
				132CDC2427ADAD87003BBE27 /* AppDelegate.swift in Sources */,
				132CDC2627ADAD87003BBE27 /* SceneDelegate.swift in Sources */,
			);
			runOnlyForDeploymentPostprocessing = 0;
		};
		132CDC3227ADAD89003BBE27 /* Sources */ = {
			isa = PBXSourcesBuildPhase;
			buildActionMask = 2147483647;
			files = (
				132CDC3B27ADAD89003BBE27 /* TipCalc___PreworkTests.swift in Sources */,
			);
			runOnlyForDeploymentPostprocessing = 0;
		};
		132CDC3C27ADAD89003BBE27 /* Sources */ = {
			isa = PBXSourcesBuildPhase;
			buildActionMask = 2147483647;
			files = (
				132CDC4727ADAD89003BBE27 /* TipCalc___PreworkUITestsLaunchTests.swift in Sources */,
				132CDC4527ADAD89003BBE27 /* TipCalc___PreworkUITests.swift in Sources */,
			);
			runOnlyForDeploymentPostprocessing = 0;
		};
/* End PBXSourcesBuildPhase section */

/* Begin PBXTargetDependency section */
		132CDC3827ADAD89003BBE27 /* PBXTargetDependency */ = {
			isa = PBXTargetDependency;
			target = 132CDC1F27ADAD87003BBE27 /* TipCalc - Prework */;
			targetProxy = 132CDC3727ADAD89003BBE27 /* PBXContainerItemProxy */;
		};
		132CDC4227ADAD89003BBE27 /* PBXTargetDependency */ = {
			isa = PBXTargetDependency;
			target = 132CDC1F27ADAD87003BBE27 /* TipCalc - Prework */;
			targetProxy = 132CDC4127ADAD89003BBE27 /* PBXContainerItemProxy */;
		};
/* End PBXTargetDependency section */

/* Begin PBXVariantGroup section */
		132CDC2927ADAD87003BBE27 /* Main.storyboard */ = {
			isa = PBXVariantGroup;
			children = (
				132CDC2A27ADAD87003BBE27 /* Base */,
			);
			name = Main.storyboard;
			sourceTree = "<group>";
		};
		132CDC2E27ADAD89003BBE27 /* LaunchScreen.storyboard */ = {
			isa = PBXVariantGroup;
			children = (
				132CDC2F27ADAD89003BBE27 /* Base */,
			);
			name = LaunchScreen.storyboard;
			sourceTree = "<group>";
		};
/* End PBXVariantGroup section */

/* Begin XCBuildConfiguration section */
		132CDC4827ADAD89003BBE27 /* Debug */ = {
			isa = XCBuildConfiguration;
			buildSettings = {
				ALWAYS_SEARCH_USER_PATHS = NO;
				CLANG_ANALYZER_NONNULL = YES;
				CLANG_ANALYZER_NUMBER_OBJECT_CONVERSION = YES_AGGRESSIVE;
				CLANG_CXX_LANGUAGE_STANDARD = "gnu++17";
				CLANG_CXX_LIBRARY = "libc++";
				CLANG_ENABLE_MODULES = YES;
				CLANG_ENABLE_OBJC_ARC = YES;
				CLANG_ENABLE_OBJC_WEAK = YES;
				CLANG_WARN_BLOCK_CAPTURE_AUTORELEASING = YES;
				CLANG_WARN_BOOL_CONVERSION = YES;
				CLANG_WARN_COMMA = YES;
				CLANG_WARN_CONSTANT_CONVERSION = YES;
				CLANG_WARN_DEPRECATED_OBJC_IMPLEMENTATIONS = YES;
				CLANG_WARN_DIRECT_OBJC_ISA_USAGE = YES_ERROR;
				CLANG_WARN_DOCUMENTATION_COMMENTS = YES;
				CLANG_WARN_EMPTY_BODY = YES;
				CLANG_WARN_ENUM_CONVERSION = YES;
				CLANG_WARN_INFINITE_RECURSION = YES;
				CLANG_WARN_INT_CONVERSION = YES;
				CLANG_WARN_NON_LITERAL_NULL_CONVERSION = YES;
				CLANG_WARN_OBJC_IMPLICIT_RETAIN_SELF = YES;
				CLANG_WARN_OBJC_LITERAL_CONVERSION = YES;
				CLANG_WARN_OBJC_ROOT_CLASS = YES_ERROR;
				CLANG_WARN_QUOTED_INCLUDE_IN_FRAMEWORK_HEADER = YES;
				CLANG_WARN_RANGE_LOOP_ANALYSIS = YES;
				CLANG_WARN_STRICT_PROTOTYPES = YES;
				CLANG_WARN_SUSPICIOUS_MOVE = YES;
				CLANG_WARN_UNGUARDED_AVAILABILITY = YES_AGGRESSIVE;
				CLANG_WARN_UNREACHABLE_CODE = YES;
				CLANG_WARN__DUPLICATE_METHOD_MATCH = YES;
				COPY_PHASE_STRIP = NO;
				DEBUG_INFORMATION_FORMAT = dwarf;
				ENABLE_STRICT_OBJC_MSGSEND = YES;
				ENABLE_TESTABILITY = YES;
				GCC_C_LANGUAGE_STANDARD = gnu11;
				GCC_DYNAMIC_NO_PIC = NO;
				GCC_NO_COMMON_BLOCKS = YES;
				GCC_OPTIMIZATION_LEVEL = 0;
				GCC_PREPROCESSOR_DEFINITIONS = (
					"DEBUG=1",
					"$(inherited)",
				);
				GCC_WARN_64_TO_32_BIT_CONVERSION = YES;
				GCC_WARN_ABOUT_RETURN_TYPE = YES_ERROR;
				GCC_WARN_UNDECLARED_SELECTOR = YES;
				GCC_WARN_UNINITIALIZED_AUTOS = YES_AGGRESSIVE;
				GCC_WARN_UNUSED_FUNCTION = YES;
				GCC_WARN_UNUSED_VARIABLE = YES;
				IPHONEOS_DEPLOYMENT_TARGET = 15.2;
				MTL_ENABLE_DEBUG_INFO = INCLUDE_SOURCE;
				MTL_FAST_MATH = YES;
				ONLY_ACTIVE_ARCH = YES;
				SDKROOT = iphoneos;
				SWIFT_ACTIVE_COMPILATION_CONDITIONS = DEBUG;
				SWIFT_OPTIMIZATION_LEVEL = "-Onone";
			};
			name = Debug;
		};
		132CDC4927ADAD89003BBE27 /* Release */ = {
			isa = XCBuildConfiguration;
			buildSettings = {
				ALWAYS_SEARCH_USER_PATHS = NO;
				CLANG_ANALYZER_NONNULL = YES;
				CLANG_ANALYZER_NUMBER_OBJECT_CONVERSION = YES_AGGRESSIVE;
				CLANG_CXX_LANGUAGE_STANDARD = "gnu++17";
				CLANG_CXX_LIBRARY = "libc++";
				CLANG_ENABLE_MODULES = YES;
				CLANG_ENABLE_OBJC_ARC = YES;
				CLANG_ENABLE_OBJC_WEAK = YES;
				CLANG_WARN_BLOCK_CAPTURE_AUTORELEASING = YES;
				CLANG_WARN_BOOL_CONVERSION = YES;
				CLANG_WARN_COMMA = YES;
				CLANG_WARN_CONSTANT_CONVERSION = YES;
				CLANG_WARN_DEPRECATED_OBJC_IMPLEMENTATIONS = YES;
				CLANG_WARN_DIRECT_OBJC_ISA_USAGE = YES_ERROR;
				CLANG_WARN_DOCUMENTATION_COMMENTS = YES;
				CLANG_WARN_EMPTY_BODY = YES;
				CLANG_WARN_ENUM_CONVERSION = YES;
				CLANG_WARN_INFINITE_RECURSION = YES;
				CLANG_WARN_INT_CONVERSION = YES;
				CLANG_WARN_NON_LITERAL_NULL_CONVERSION = YES;
				CLANG_WARN_OBJC_IMPLICIT_RETAIN_SELF = YES;
				CLANG_WARN_OBJC_LITERAL_CONVERSION = YES;
				CLANG_WARN_OBJC_ROOT_CLASS = YES_ERROR;
				CLANG_WARN_QUOTED_INCLUDE_IN_FRAMEWORK_HEADER = YES;
				CLANG_WARN_RANGE_LOOP_ANALYSIS = YES;
				CLANG_WARN_STRICT_PROTOTYPES = YES;
				CLANG_WARN_SUSPICIOUS_MOVE = YES;
				CLANG_WARN_UNGUARDED_AVAILABILITY = YES_AGGRESSIVE;
				CLANG_WARN_UNREACHABLE_CODE = YES;
				CLANG_WARN__DUPLICATE_METHOD_MATCH = YES;
				COPY_PHASE_STRIP = NO;
				DEBUG_INFORMATION_FORMAT = "dwarf-with-dsym";
				ENABLE_NS_ASSERTIONS = NO;
				ENABLE_STRICT_OBJC_MSGSEND = YES;
				GCC_C_LANGUAGE_STANDARD = gnu11;
				GCC_NO_COMMON_BLOCKS = YES;
				GCC_WARN_64_TO_32_BIT_CONVERSION = YES;
				GCC_WARN_ABOUT_RETURN_TYPE = YES_ERROR;
				GCC_WARN_UNDECLARED_SELECTOR = YES;
				GCC_WARN_UNINITIALIZED_AUTOS = YES_AGGRESSIVE;
				GCC_WARN_UNUSED_FUNCTION = YES;
				GCC_WARN_UNUSED_VARIABLE = YES;
				IPHONEOS_DEPLOYMENT_TARGET = 15.2;
				MTL_ENABLE_DEBUG_INFO = NO;
				MTL_FAST_MATH = YES;
				SDKROOT = iphoneos;
				SWIFT_COMPILATION_MODE = wholemodule;
				SWIFT_OPTIMIZATION_LEVEL = "-O";
				VALIDATE_PRODUCT = YES;
			};
			name = Release;
		};
		132CDC4B27ADAD89003BBE27 /* Debug */ = {
			isa = XCBuildConfiguration;
			buildSettings = {
				ASSETCATALOG_COMPILER_APPICON_NAME = AppIcon;
				ASSETCATALOG_COMPILER_GLOBAL_ACCENT_COLOR_NAME = AccentColor;
				CODE_SIGN_STYLE = Automatic;
				CURRENT_PROJECT_VERSION = 1;
				GENERATE_INFOPLIST_FILE = YES;
				INFOPLIST_FILE = "TipCalc - Prework/Info.plist";
				INFOPLIST_KEY_UIApplicationSupportsIndirectInputEvents = YES;
				INFOPLIST_KEY_UILaunchStoryboardName = LaunchScreen;
				INFOPLIST_KEY_UIMainStoryboardFile = Main;
				INFOPLIST_KEY_UISupportedInterfaceOrientations_iPad = "UIInterfaceOrientationPortrait UIInterfaceOrientationPortraitUpsideDown UIInterfaceOrientationLandscapeLeft UIInterfaceOrientationLandscapeRight";
				INFOPLIST_KEY_UISupportedInterfaceOrientations_iPhone = "UIInterfaceOrientationPortrait UIInterfaceOrientationLandscapeLeft UIInterfaceOrientationLandscapeRight";
				LD_RUNPATH_SEARCH_PATHS = (
					"$(inherited)",
					"@executable_path/Frameworks",
				);
				MARKETING_VERSION = 1.0;
				PRODUCT_BUNDLE_IDENTIFIER = "BodrulJalal-Code-Path.TipCalc---Prework";
				PRODUCT_NAME = "$(TARGET_NAME)";
				SWIFT_EMIT_LOC_STRINGS = YES;
				SWIFT_VERSION = 5.0;
				TARGETED_DEVICE_FAMILY = "1,2";
			};
			name = Debug;
		};
		132CDC4C27ADAD89003BBE27 /* Release */ = {
			isa = XCBuildConfiguration;
			buildSettings = {
				ASSETCATALOG_COMPILER_APPICON_NAME = AppIcon;
				ASSETCATALOG_COMPILER_GLOBAL_ACCENT_COLOR_NAME = AccentColor;
				CODE_SIGN_STYLE = Automatic;
				CURRENT_PROJECT_VERSION = 1;
				GENERATE_INFOPLIST_FILE = YES;
				INFOPLIST_FILE = "TipCalc - Prework/Info.plist";
				INFOPLIST_KEY_UIApplicationSupportsIndirectInputEvents = YES;
				INFOPLIST_KEY_UILaunchStoryboardName = LaunchScreen;
				INFOPLIST_KEY_UIMainStoryboardFile = Main;
				INFOPLIST_KEY_UISupportedInterfaceOrientations_iPad = "UIInterfaceOrientationPortrait UIInterfaceOrientationPortraitUpsideDown UIInterfaceOrientationLandscapeLeft UIInterfaceOrientationLandscapeRight";
				INFOPLIST_KEY_UISupportedInterfaceOrientations_iPhone = "UIInterfaceOrientationPortrait UIInterfaceOrientationLandscapeLeft UIInterfaceOrientationLandscapeRight";
				LD_RUNPATH_SEARCH_PATHS = (
					"$(inherited)",
					"@executable_path/Frameworks",
				);
				MARKETING_VERSION = 1.0;
				PRODUCT_BUNDLE_IDENTIFIER = "BodrulJalal-Code-Path.TipCalc---Prework";
				PRODUCT_NAME = "$(TARGET_NAME)";
				SWIFT_EMIT_LOC_STRINGS = YES;
				SWIFT_VERSION = 5.0;
				TARGETED_DEVICE_FAMILY = "1,2";
			};
			name = Release;
		};
		132CDC4E27ADAD89003BBE27 /* Debug */ = {
			isa = XCBuildConfiguration;
			buildSettings = {
				ALWAYS_EMBED_SWIFT_STANDARD_LIBRARIES = YES;
				BUNDLE_LOADER = "$(TEST_HOST)";
				CODE_SIGN_STYLE = Automatic;
				CURRENT_PROJECT_VERSION = 1;
				GENERATE_INFOPLIST_FILE = YES;
				IPHONEOS_DEPLOYMENT_TARGET = 15.2;
				MARKETING_VERSION = 1.0;
				PRODUCT_BUNDLE_IDENTIFIER = "BodrulJalal-Code-Path.TipCalc---PreworkTests";
				PRODUCT_NAME = "$(TARGET_NAME)";
				SWIFT_EMIT_LOC_STRINGS = NO;
				SWIFT_VERSION = 5.0;
				TARGETED_DEVICE_FAMILY = "1,2";
				TEST_HOST = "$(BUILT_PRODUCTS_DIR)/TipCalc - Prework.app/TipCalc - Prework";
			};
			name = Debug;
		};
		132CDC4F27ADAD89003BBE27 /* Release */ = {
			isa = XCBuildConfiguration;
			buildSettings = {
				ALWAYS_EMBED_SWIFT_STANDARD_LIBRARIES = YES;
				BUNDLE_LOADER = "$(TEST_HOST)";
				CODE_SIGN_STYLE = Automatic;
				CURRENT_PROJECT_VERSION = 1;
				GENERATE_INFOPLIST_FILE = YES;
				IPHONEOS_DEPLOYMENT_TARGET = 15.2;
				MARKETING_VERSION = 1.0;
				PRODUCT_BUNDLE_IDENTIFIER = "BodrulJalal-Code-Path.TipCalc---PreworkTests";
				PRODUCT_NAME = "$(TARGET_NAME)";
				SWIFT_EMIT_LOC_STRINGS = NO;
				SWIFT_VERSION = 5.0;
				TARGETED_DEVICE_FAMILY = "1,2";
				TEST_HOST = "$(BUILT_PRODUCTS_DIR)/TipCalc - Prework.app/TipCalc - Prework";
			};
			name = Release;
		};
		132CDC5127ADAD89003BBE27 /* Debug */ = {
			isa = XCBuildConfiguration;
			buildSettings = {
				ALWAYS_EMBED_SWIFT_STANDARD_LIBRARIES = YES;
				CODE_SIGN_STYLE = Automatic;
				CURRENT_PROJECT_VERSION = 1;
				GENERATE_INFOPLIST_FILE = YES;
				MARKETING_VERSION = 1.0;
				PRODUCT_BUNDLE_IDENTIFIER = "BodrulJalal-Code-Path.TipCalc---PreworkUITests";
				PRODUCT_NAME = "$(TARGET_NAME)";
				SWIFT_EMIT_LOC_STRINGS = NO;
				SWIFT_VERSION = 5.0;
				TARGETED_DEVICE_FAMILY = "1,2";
				TEST_TARGET_NAME = "TipCalc - Prework";
			};
			name = Debug;
		};
		132CDC5227ADAD89003BBE27 /* Release */ = {
			isa = XCBuildConfiguration;
			buildSettings = {
				ALWAYS_EMBED_SWIFT_STANDARD_LIBRARIES = YES;
				CODE_SIGN_STYLE = Automatic;
				CURRENT_PROJECT_VERSION = 1;
				GENERATE_INFOPLIST_FILE = YES;
				MARKETING_VERSION = 1.0;
				PRODUCT_BUNDLE_IDENTIFIER = "BodrulJalal-Code-Path.TipCalc---PreworkUITests";
				PRODUCT_NAME = "$(TARGET_NAME)";
				SWIFT_EMIT_LOC_STRINGS = NO;
				SWIFT_VERSION = 5.0;
				TARGETED_DEVICE_FAMILY = "1,2";
				TEST_TARGET_NAME = "TipCalc - Prework";
			};
			name = Release;
		};
/* End XCBuildConfiguration section */

/* Begin XCConfigurationList section */
		132CDC1B27ADAD87003BBE27 /* Build configuration list for PBXProject "TipCalc - Prework" */ = {
			isa = XCConfigurationList;
			buildConfigurations = (
				132CDC4827ADAD89003BBE27 /* Debug */,
				132CDC4927ADAD89003BBE27 /* Release */,
			);
			defaultConfigurationIsVisible = 0;
			defaultConfigurationName = Release;
		};
		132CDC4A27ADAD89003BBE27 /* Build configuration list for PBXNativeTarget "TipCalc - Prework" */ = {
			isa = XCConfigurationList;
			buildConfigurations = (
				132CDC4B27ADAD89003BBE27 /* Debug */,
				132CDC4C27ADAD89003BBE27 /* Release */,
			);
			defaultConfigurationIsVisible = 0;
			defaultConfigurationName = Release;
		};
		132CDC4D27ADAD89003BBE27 /* Build configuration list for PBXNativeTarget "TipCalc - PreworkTests" */ = {
			isa = XCConfigurationList;
			buildConfigurations = (
				132CDC4E27ADAD89003BBE27 /* Debug */,
				132CDC4F27ADAD89003BBE27 /* Release */,
			);
			defaultConfigurationIsVisible = 0;
			defaultConfigurationName = Release;
		};
		132CDC5027ADAD89003BBE27 /* Build configuration list for PBXNativeTarget "TipCalc - PreworkUITests" */ = {
			isa = XCConfigurationList;
			buildConfigurations = (
				132CDC5127ADAD89003BBE27 /* Debug */,
				132CDC5227ADAD89003BBE27 /* Release */,
			);
			defaultConfigurationIsVisible = 0;
			defaultConfigurationName = Release;
		};
/* End XCConfigurationList section */
	};
	rootObject = 132CDC1827ADAD87003BBE27 /* Project object */;
}
